
Microsoft Visual Studio Solution File, Format Version 12.00
Project("{2150E333-8FDC-42A3-9474-1A3956D46DE8}") = "docs", "docs", "{A1FB5267-E3F0-447D-B2DD-E95AE977D7B1}"
	ProjectSection(SolutionItems) = preProject
		README.md = README.md
		README-2016.md = README-2016.md
		ReleaseNotes.md = ReleaseNotes.md
	EndProjectSection
EndProject
Project("{2150E333-8FDC-42A3-9474-1A3956D46DE8}") = "build", "build", "{68DAA9B4-4D09-4700-B937-A4DB965F9DCD}"
	ProjectSection(SolutionItems) = preProject
		publish.bat = publish.bat
	EndProjectSection
EndProject
Project("{FAE04EC0-301F-11D3-BF4B-00C04F79EFBC}") = "RefCheck", "RefCheck\RefCheck.csproj", "{903B9D13-BA45-4552-B379-E7CA06CE06A8}"
EndProject
Project("{2150E333-8FDC-42A3-9474-1A3956D46DE8}") = "result", "result", "{B8663D64-EB8B-4E36-94AD-0A8B90152446}"
	ProjectSection(SolutionItems) = preProject
		RefCheck\bin\Debug\net6.0\References.puml = RefCheck\bin\Debug\net6.0\References.puml
	EndProjectSection
EndProject
Global
	GlobalSection(SolutionConfigurationPlatforms) = preSolution
		Debug|Any CPU = Debug|Any CPU
		Release|Any CPU = Release|Any CPU
	EndGlobalSection
	GlobalSection(ProjectConfigurationPlatforms) = postSolution
		{903B9D13-BA45-4552-B379-E7CA06CE06A8}.Debug|Any CPU.ActiveCfg = Debug|Any CPU
		{903B9D13-BA45-4552-B379-E7CA06CE06A8}.Debug|Any CPU.Build.0 = Debug|Any CPU
		{903B9D13-BA45-4552-B379-E7CA06CE06A8}.Release|Any CPU.ActiveCfg = Release|Any CPU
		{903B9D13-BA45-4552-B379-E7CA06CE06A8}.Release|Any CPU.Build.0 = Release|Any CPU
	EndGlobalSection
EndGlobal
